
Microsoft Visual Studio Solution File, Format Version 12.00
# Visual Studio 15
VisualStudioVersion = 15.0.27703.2042
MinimumVisualStudioVersion = 10.0.40219.1
Project("{FAE04EC0-301F-11D3-BF4B-00C04F79EFBC}") = "cmd_service", "cmd_service\cmd_service.csproj", "{679977DD-FDF6-4700-A79C-AEECD8B5677C}"
EndProject
Global
	GlobalSection(SolutionConfigurationPlatforms) = preSolution
		Debug|Any CPU = Debug|Any CPU
		Release|Any CPU = Release|Any CPU
	EndGlobalSection
	GlobalSection(ProjectConfigurationPlatforms) = postSolution
		{679977DD-FDF6-4700-A79C-AEECD8B5677C}.Debug|Any CPU.ActiveCfg = Debug|Any CPU
		{679977DD-FDF6-4700-A79C-AEECD8B5677C}.Debug|Any CPU.Build.0 = Debug|Any CPU
		{679977DD-FDF6-4700-A79C-AEECD8B5677C}.Release|Any CPU.ActiveCfg = Release|Any CPU
		{679977DD-FDF6-4700-A79C-AEECD8B5677C}.Release|Any CPU.Build.0 = Release|Any CPU
	EndGlobalSection
	GlobalSection(SolutionProperties) = preSolution
		HideSolutionNode = FALSE
	EndGlobalSection
	GlobalSection(ExtensibilityGlobals) = postSolution
		SolutionGuid = {AC894F14-B045-4237-9D22-80BEC66F63D3}
	EndGlobalSection
EndGlobal
